
Microsoft Visual Studio Solution File, Format Version 12.00
# Visual Studio Version 17
VisualStudioVersion = 17.11.35222.181
MinimumVisualStudioVersion = 10.0.40219.1
Project("{FAE04EC0-301F-11D3-BF4B-00C04F79EFBC}") = "MiPrimerProyecto", "MiPrimerProyecto\MiPrimerProyecto.csproj", "{FE55FBD8-59CD-4C6F-9F11-63DBE41F9DCA}"
EndProject
Global
	GlobalSection(SolutionConfigurationPlatforms) = preSolution
		Debug|Any CPU = Debug|Any CPU
		Release|Any CPU = Release|Any CPU
	EndGlobalSection
	GlobalSection(ProjectConfigurationPlatforms) = postSolution
		{FE55FBD8-59CD-4C6F-9F11-63DBE41F9DCA}.Debug|Any CPU.ActiveCfg = Debug|Any CPU
		{FE55FBD8-59CD-4C6F-9F11-63DBE41F9DCA}.Debug|Any CPU.Build.0 = Debug|Any CPU
		{FE55FBD8-59CD-4C6F-9F11-63DBE41F9DCA}.Release|Any CPU.ActiveCfg = Release|Any CPU
		{FE55FBD8-59CD-4C6F-9F11-63DBE41F9DCA}.Release|Any CPU.Build.0 = Release|Any CPU
	EndGlobalSection
	GlobalSection(SolutionProperties) = preSolution
		HideSolutionNode = FALSE
	EndGlobalSection
	GlobalSection(ExtensibilityGlobals) = postSolution
		SolutionGuid = {8BA97BD3-FB66-461D-81D1-7091A45CD4BA}
	EndGlobalSection
EndGlobal
